// !$*UTF8*$!
{
	archiveVersion = 1;
	classes = {
	};
	objectVersion = 46;
	objects = {

/* Begin PBXBuildFile section */
		F5FDD83C18D89DCA0092439A /* Foundation.framework in Frameworks */ = {isa = PBXBuildFile; fileRef = F5FDD83B18D89DCA0092439A /* Foundation.framework */; };
		F5FDD83E18D89DCA0092439A /* CoreGraphics.framework in Frameworks */ = {isa = PBXBuildFile; fileRef = F5FDD83D18D89DCA0092439A /* CoreGraphics.framework */; };
		F5FDD84018D89DCA0092439A /* UIKit.framework in Frameworks */ = {isa = PBXBuildFile; fileRef = F5FDD83F18D89DCA0092439A /* UIKit.framework */; };
		F5FDD84618D89DCA0092439A /* InfoPlist.strings in Resources */ = {isa = PBXBuildFile; fileRef = F5FDD84418D89DCA0092439A /* InfoPlist.strings */; };
		F5FDD84818D89DCA0092439A /* main.m in Sources */ = {isa = PBXBuildFile; fileRef = F5FDD84718D89DCA0092439A /* main.m */; };
		F5FDD84C18D89DCA0092439A /* AppDelegate.m in Sources */ = {isa = PBXBuildFile; fileRef = F5FDD84B18D89DCA0092439A /* AppDelegate.m */; };
		F5FDD84F18D89DCA0092439A /* Main.storyboard in Resources */ = {isa = PBXBuildFile; fileRef = F5FDD84D18D89DCA0092439A /* Main.storyboard */; };
		F5FDD85218D89DCA0092439A /* FirstViewController.m in Sources */ = {isa = PBXBuildFile; fileRef = F5FDD85118D89DCA0092439A /* FirstViewController.m */; };
		F5FDD85518D89DCA0092439A /* SecondViewController.m in Sources */ = {isa = PBXBuildFile; fileRef = F5FDD85418D89DCA0092439A /* SecondViewController.m */; };
		F5FDD85718D89DCA0092439A /* Images.xcassets in Resources */ = {isa = PBXBuildFile; fileRef = F5FDD85618D89DCA0092439A /* Images.xcassets */; };
		F5FDD85E18D89DCA0092439A /* XCTest.framework in Frameworks */ = {isa = PBXBuildFile; fileRef = F5FDD85D18D89DCA0092439A /* XCTest.framework */; };
		F5FDD85F18D89DCA0092439A /* Foundation.framework in Frameworks */ = {isa = PBXBuildFile; fileRef = F5FDD83B18D89DCA0092439A /* Foundation.framework */; };
		F5FDD86018D89DCA0092439A /* UIKit.framework in Frameworks */ = {isa = PBXBuildFile; fileRef = F5FDD83F18D89DCA0092439A /* UIKit.framework */; };
		F5FDD86818D89DCA0092439A /* InfoPlist.strings in Resources */ = {isa = PBXBuildFile; fileRef = F5FDD86618D89DCA0092439A /* InfoPlist.strings */; };
		F5FDD86A18D89DCA0092439A /* TestTests.m in Sources */ = {isa = PBXBuildFile; fileRef = F5FDD86918D89DCA0092439A /* TestTests.m */; };
/* End PBXBuildFile section */

/* Begin PBXContainerItemProxy section */
		F5FDD86118D89DCA0092439A /* PBXContainerItemProxy */ = {
			isa = PBXContainerItemProxy;
			containerPortal = F5FDD83018D89DCA0092439A /* Project object */;
			proxyType = 1;
			remoteGlobalIDString = F5FDD83718D89DCA0092439A;
			remoteInfo = Test;
		};
/* End PBXContainerItemProxy section */

/* Begin PBXFileReference section */
		F5FDD83818D89DCA0092439A /* Test.app */ = {isa = PBXFileReference; explicitFileType = wrapper.application; includeInIndex = 0; path = Test.app; sourceTree = BUILT_PRODUCTS_DIR; };
		F5FDD83B18D89DCA0092439A /* Foundation.framework */ = {isa = PBXFileReference; lastKnownFileType = wrapper.framework; name = Foundation.framework; path = System/Library/Frameworks/Foundation.framework; sourceTree = SDKROOT; };
		F5FDD83D18D89DCA0092439A /* CoreGraphics.framework */ = {isa = PBXFileReference; lastKnownFileType = wrapper.framework; name = CoreGraphics.framework; path = System/Library/Frameworks/CoreGraphics.framework; sourceTree = SDKROOT; };
		F5FDD83F18D89DCA0092439A /* UIKit.framework */ = {isa = PBXFileReference; lastKnownFileType = wrapper.framework; name = UIKit.framework; path = System/Library/Frameworks/UIKit.framework; sourceTree = SDKROOT; };
		F5FDD84318D89DCA0092439A /* Test-Info.plist */ = {isa = PBXFileReference; lastKnownFileType = text.plist.xml; path = "Test-Info.plist"; sourceTree = "<group>"; };
		F5FDD84518D89DCA0092439A /* en */ = {isa = PBXFileReference; lastKnownFileType = text.plist.strings; name = en; path = en.lproj/InfoPlist.strings; sourceTree = "<group>"; };
		F5FDD84718D89DCA0092439A /* main.m */ = {isa = PBXFileReference; lastKnownFileType = sourcecode.c.objc; path = main.m; sourceTree = "<group>"; };
		F5FDD84918D89DCA0092439A /* Test-Prefix.pch */ = {isa = PBXFileReference; lastKnownFileType = sourcecode.c.h; path = "Test-Prefix.pch"; sourceTree = "<group>"; };
		F5FDD84A18D89DCA0092439A /* AppDelegate.h */ = {isa = PBXFileReference; lastKnownFileType = sourcecode.c.h; path = AppDelegate.h; sourceTree = "<group>"; };
		F5FDD84B18D89DCA0092439A /* AppDelegate.m */ = {isa = PBXFileReference; lastKnownFileType = sourcecode.c.objc; path = AppDelegate.m; sourceTree = "<group>"; };
		F5FDD84E18D89DCA0092439A /* Base */ = {isa = PBXFileReference; lastKnownFileType = file.storyboard; name = Base; path = Base.lproj/Main.storyboard; sourceTree = "<group>"; };
		F5FDD85018D89DCA0092439A /* FirstViewController.h */ = {isa = PBXFileReference; lastKnownFileType = sourcecode.c.h; path = FirstViewController.h; sourceTree = "<group>"; };
		F5FDD85118D89DCA0092439A /* FirstViewController.m */ = {isa = PBXFileReference; lastKnownFileType = sourcecode.c.objc; path = FirstViewController.m; sourceTree = "<group>"; };
		F5FDD85318D89DCA0092439A /* SecondViewController.h */ = {isa = PBXFileReference; lastKnownFileType = sourcecode.c.h; path = SecondViewController.h; sourceTree = "<group>"; };
		F5FDD85418D89DCA0092439A /* SecondViewController.m */ = {isa = PBXFileReference; lastKnownFileType = sourcecode.c.objc; path = SecondViewController.m; sourceTree = "<group>"; };
		F5FDD85618D89DCA0092439A /* Images.xcassets */ = {isa = PBXFileReference; lastKnownFileType = folder.assetcatalog; path = Images.xcassets; sourceTree = "<group>"; };
		F5FDD85C18D89DCA0092439A /* TestTests.xctest */ = {isa = PBXFileReference; explicitFileType = wrapper.cfbundle; includeInIndex = 0; path = TestTests.xctest; sourceTree = BUILT_PRODUCTS_DIR; };
		F5FDD85D18D89DCA0092439A /* XCTest.framework */ = {isa = PBXFileReference; lastKnownFileType = wrapper.framework; name = XCTest.framework; path = Library/Frameworks/XCTest.framework; sourceTree = DEVELOPER_DIR; };
		F5FDD86518D89DCA0092439A /* TestTests-Info.plist */ = {isa = PBXFileReference; lastKnownFileType = text.plist.xml; path = "TestTests-Info.plist"; sourceTree = "<group>"; };
		F5FDD86718D89DCA0092439A /* en */ = {isa = PBXFileReference; lastKnownFileType = text.plist.strings; name = en; path = en.lproj/InfoPlist.strings; sourceTree = "<group>"; };
		F5FDD86918D89DCA0092439A /* TestTests.m */ = {isa = PBXFileReference; lastKnownFileType = sourcecode.c.objc; path = TestTests.m; sourceTree = "<group>"; };
/* End PBXFileReference section */

/* Begin PBXFrameworksBuildPhase section */
		F5FDD83518D89DCA0092439A /* Frameworks */ = {
			isa = PBXFrameworksBuildPhase;
			buildActionMask = 2147483647;
			files = (
				F5FDD83E18D89DCA0092439A /* CoreGraphics.framework in Frameworks */,
				F5FDD84018D89DCA0092439A /* UIKit.framework in Frameworks */,
				F5FDD83C18D89DCA0092439A /* Foundation.framework in Frameworks */,
			);
			runOnlyForDeploymentPostprocessing = 0;
		};
		F5FDD85918D89DCA0092439A /* Frameworks */ = {
			isa = PBXFrameworksBuildPhase;
			buildActionMask = 2147483647;
			files = (
				F5FDD85E18D89DCA0092439A /* XCTest.framework in Frameworks */,
				F5FDD86018D89DCA0092439A /* UIKit.framework in Frameworks */,
				F5FDD85F18D89DCA0092439A /* Foundation.framework in Frameworks */,
			);
			runOnlyForDeploymentPostprocessing = 0;
		};
/* End PBXFrameworksBuildPhase section */

/* Begin PBXGroup section */
		F5FDD82F18D89DCA0092439A = {
			isa = PBXGroup;
			children = (
				F5FDD84118D89DCA0092439A /* Test */,
				F5FDD86318D89DCA0092439A /* TestTests */,
				F5FDD83A18D89DCA0092439A /* Frameworks */,
				F5FDD83918D89DCA0092439A /* Products */,
			);
			sourceTree = "<group>";
		};
		F5FDD83918D89DCA0092439A /* Products */ = {
			isa = PBXGroup;
			children = (
				F5FDD83818D89DCA0092439A /* Test.app */,
				F5FDD85C18D89DCA0092439A /* TestTests.xctest */,
			);
			name = Products;
			sourceTree = "<group>";
		};
		F5FDD83A18D89DCA0092439A /* Frameworks */ = {
			isa = PBXGroup;
			children = (
				F5FDD83B18D89DCA0092439A /* Foundation.framework */,
				F5FDD83D18D89DCA0092439A /* CoreGraphics.framework */,
				F5FDD83F18D89DCA0092439A /* UIKit.framework */,
				F5FDD85D18D89DCA0092439A /* XCTest.framework */,
			);
			name = Frameworks;
			sourceTree = "<group>";
		};
		F5FDD84118D89DCA0092439A /* Test */ = {
			isa = PBXGroup;
			children = (
				F5FDD84A18D89DCA0092439A /* AppDelegate.h */,
				F5FDD84B18D89DCA0092439A /* AppDelegate.m */,
				F5FDD84D18D89DCA0092439A /* Main.storyboard */,
				F5FDD85018D89DCA0092439A /* FirstViewController.h */,
				F5FDD85118D89DCA0092439A /* FirstViewController.m */,
				F5FDD85318D89DCA0092439A /* SecondViewController.h */,
				F5FDD85418D89DCA0092439A /* SecondViewController.m */,
				F5FDD85618D89DCA0092439A /* Images.xcassets */,
				F5FDD84218D89DCA0092439A /* Supporting Files */,
			);
			path = Test;
			sourceTree = "<group>";
		};
		F5FDD84218D89DCA0092439A /* Supporting Files */ = {
			isa = PBXGroup;
			children = (
				F5FDD84318D89DCA0092439A /* Test-Info.plist */,
				F5FDD84418D89DCA0092439A /* InfoPlist.strings */,
				F5FDD84718D89DCA0092439A /* main.m */,
				F5FDD84918D89DCA0092439A /* Test-Prefix.pch */,
			);
			name = "Supporting Files";
			sourceTree = "<group>";
		};
		F5FDD86318D89DCA0092439A /* TestTests */ = {
			isa = PBXGroup;
			children = (
				F5FDD86918D89DCA0092439A /* TestTests.m */,
				F5FDD86418D89DCA0092439A /* Supporting Files */,
			);
			path = TestTests;
			sourceTree = "<group>";
		};
		F5FDD86418D89DCA0092439A /* Supporting Files */ = {
			isa = PBXGroup;
			children = (
				F5FDD86518D89DCA0092439A /* TestTests-Info.plist */,
				F5FDD86618D89DCA0092439A /* InfoPlist.strings */,
			);
			name = "Supporting Files";
			sourceTree = "<group>";
		};
/* End PBXGroup section */

/* Begin PBXNativeTarget section */
		F5FDD83718D89DCA0092439A /* Test */ = {
			isa = PBXNativeTarget;
			buildConfigurationList = F5FDD86D18D89DCA0092439A /* Build configuration list for PBXNativeTarget "Test" */;
			buildPhases = (
				F5FDD83418D89DCA0092439A /* Sources */,
				F5FDD83518D89DCA0092439A /* Frameworks */,
				F5FDD83618D89DCA0092439A /* Resources */,
			);
			buildRules = (
			);
			dependencies = (
			);
			name = Test;
			productName = Test;
			productReference = F5FDD83818D89DCA0092439A /* Test.app */;
			productType = "com.apple.product-type.application";
		};
		F5FDD85B18D89DCA0092439A /* TestTests */ = {
			isa = PBXNativeTarget;
			buildConfigurationList = F5FDD87018D89DCA0092439A /* Build configuration list for PBXNativeTarget "TestTests" */;
			buildPhases = (
				F5FDD85818D89DCA0092439A /* Sources */,
				F5FDD85918D89DCA0092439A /* Frameworks */,
				F5FDD85A18D89DCA0092439A /* Resources */,
			);
			buildRules = (
			);
			dependencies = (
				F5FDD86218D89DCA0092439A /* PBXTargetDependency */,
			);
			name = TestTests;
			productName = TestTests;
			productReference = F5FDD85C18D89DCA0092439A /* TestTests.xctest */;
			productType = "com.apple.product-type.bundle.unit-test";
		};
/* End PBXNativeTarget section */

/* Begin PBXProject section */
		F5FDD83018D89DCA0092439A /* Project object */ = {
			isa = PBXProject;
			attributes = {
				LastUpgradeCheck = 0500;
				ORGANIZATIONNAME = "DSAHR Inc.";
				TargetAttributes = {
					F5FDD85B18D89DCA0092439A = {
						TestTargetID = F5FDD83718D89DCA0092439A;
					};
				};
			};
			buildConfigurationList = F5FDD83318D89DCA0092439A /* Build configuration list for PBXProject "Test" */;
			compatibilityVersion = "Xcode 3.2";
			developmentRegion = English;
			hasScannedForEncodings = 0;
			knownRegions = (
				en,
				Base,
			);
			mainGroup = F5FDD82F18D89DCA0092439A;
			productRefGroup = F5FDD83918D89DCA0092439A /* Products */;
			projectDirPath = "";
			projectRoot = "";
			targets = (
				F5FDD83718D89DCA0092439A /* Test */,
				F5FDD85B18D89DCA0092439A /* TestTests */,
			);
		};
/* End PBXProject section */

/* Begin PBXResourcesBuildPhase section */
		F5FDD83618D89DCA0092439A /* Resources */ = {
			isa = PBXResourcesBuildPhase;
			buildActionMask = 2147483647;
			files = (
				F5FDD85718D89DCA0092439A /* Images.xcassets in Resources */,
				F5FDD84618D89DCA0092439A /* InfoPlist.strings in Resources */,
				F5FDD84F18D89DCA0092439A /* Main.storyboard in Resources */,
			);
			runOnlyForDeploymentPostprocessing = 0;
		};
		F5FDD85A18D89DCA0092439A /* Resources */ = {
			isa = PBXResourcesBuildPhase;
			buildActionMask = 2147483647;
			files = (
				F5FDD86818D89DCA0092439A /* InfoPlist.strings in Resources */,
			);
			runOnlyForDeploymentPostprocessing = 0;
		};
/* End PBXResourcesBuildPhase section */

/* Begin PBXSourcesBuildPhase section */
		F5FDD83418D89DCA0092439A /* Sources */ = {
			isa = PBXSourcesBuildPhase;
			buildActionMask = 2147483647;
			files = (
				F5FDD85518D89DCA0092439A /* SecondViewController.m in Sources */,
				F5FDD84C18D89DCA0092439A /* AppDelegate.m in Sources */,
				F5FDD85218D89DCA0092439A /* FirstViewController.m in Sources */,
				F5FDD84818D89DCA0092439A /* main.m in Sources */,
			);
			runOnlyForDeploymentPostprocessing = 0;
		};
		F5FDD85818D89DCA0092439A /* Sources */ = {
			isa = PBXSourcesBuildPhase;
			buildActionMask = 2147483647;
			files = (
				F5FDD86A18D89DCA0092439A /* TestTests.m in Sources */,
			);
			runOnlyForDeploymentPostprocessing = 0;
		};
/* End PBXSourcesBuildPhase section */

/* Begin PBXTargetDependency section */
		F5FDD86218D89DCA0092439A /* PBXTargetDependency */ = {
			isa = PBXTargetDependency;
			target = F5FDD83718D89DCA0092439A /* Test */;
			targetProxy = F5FDD86118D89DCA0092439A /* PBXContainerItemProxy */;
		};
/* End PBXTargetDependency section */

/* Begin PBXVariantGroup section */
		F5FDD84418D89DCA0092439A /* InfoPlist.strings */ = {
			isa = PBXVariantGroup;
			children = (
				F5FDD84518D89DCA0092439A /* en */,
			);
			name = InfoPlist.strings;
			sourceTree = "<group>";
		};
		F5FDD84D18D89DCA0092439A /* Main.storyboard */ = {
			isa = PBXVariantGroup;
			children = (
				F5FDD84E18D89DCA0092439A /* Base */,
			);
			name = Main.storyboard;
			sourceTree = "<group>";
		};
		F5FDD86618D89DCA0092439A /* InfoPlist.strings */ = {
			isa = PBXVariantGroup;
			children = (
				F5FDD86718D89DCA0092439A /* en */,
			);
			name = InfoPlist.strings;
			sourceTree = "<group>";
		};
/* End PBXVariantGroup section */

/* Begin XCBuildConfiguration section */
		F5FDD86B18D89DCA0092439A /* Debug */ = {
			isa = XCBuildConfiguration;
			buildSettings = {
				ALWAYS_SEARCH_USER_PATHS = NO;
				ARCHS = "$(ARCHS_STANDARD_INCLUDING_64_BIT)";
				CLANG_CXX_LANGUAGE_STANDARD = "gnu++0x";
				CLANG_CXX_LIBRARY = "libc++";
				CLANG_ENABLE_MODULES = YES;
				CLANG_ENABLE_OBJC_ARC = YES;
				CLANG_WARN_BOOL_CONVERSION = YES;
				CLANG_WARN_CONSTANT_CONVERSION = YES;
				CLANG_WARN_DIRECT_OBJC_ISA_USAGE = YES_ERROR;
				CLANG_WARN_EMPTY_BODY = YES;
				CLANG_WARN_ENUM_CONVERSION = YES;
				CLANG_WARN_INT_CONVERSION = YES;
				CLANG_WARN_OBJC_ROOT_CLASS = YES_ERROR;
				CLANG_WARN__DUPLICATE_METHOD_MATCH = YES;
				"CODE_SIGN_IDENTITY[sdk=iphoneos*]" = "iPhone Developer";
				COPY_PHASE_STRIP = NO;
				GCC_C_LANGUAGE_STANDARD = gnu99;
				GCC_DYNAMIC_NO_PIC = NO;
				GCC_OPTIMIZATION_LEVEL = 0;
				GCC_PREPROCESSOR_DEFINITIONS = (
					"DEBUG=1",
					"$(inherited)",
				);
				GCC_SYMBOLS_PRIVATE_EXTERN = NO;
				GCC_WARN_64_TO_32_BIT_CONVERSION = YES;
				GCC_WARN_ABOUT_RETURN_TYPE = YES_ERROR;
				GCC_WARN_UNDECLARED_SELECTOR = YES;
				GCC_WARN_UNINITIALIZED_AUTOS = YES;
				GCC_WARN_UNUSED_FUNCTION = YES;
				GCC_WARN_UNUSED_VARIABLE = YES;
				IPHONEOS_DEPLOYMENT_TARGET = 7.0;
				ONLY_ACTIVE_ARCH = YES;
				SDKROOT = iphoneos;
			};
			name = Debug;
		};
		F5FDD86C18D89DCA0092439A /* Release */ = {
			isa = XCBuildConfiguration;
			buildSettings = {
				ALWAYS_SEARCH_USER_PATHS = NO;
				ARCHS = "$(ARCHS_STANDARD_INCLUDING_64_BIT)";
				CLANG_CXX_LANGUAGE_STANDARD = "gnu++0x";
				CLANG_CXX_LIBRARY = "libc++";
				CLANG_ENABLE_MODULES = YES;
				CLANG_ENABLE_OBJC_ARC = YES;
				CLANG_WARN_BOOL_CONVERSION = YES;
				CLANG_WARN_CONSTANT_CONVERSION = YES;
				CLANG_WARN_DIRECT_OBJC_ISA_USAGE = YES_ERROR;
				CLANG_WARN_EMPTY_BODY = YES;
				CLANG_WARN_ENUM_CONVERSION = YES;
				CLANG_WARN_INT_CONVERSION = YES;
				CLANG_WARN_OBJC_ROOT_CLASS = YES_ERROR;
				CLANG_WARN__DUPLICATE_METHOD_MATCH = YES;
				"CODE_SIGN_IDENTITY[sdk=iphoneos*]" = "iPhone Developer";
				COPY_PHASE_STRIP = YES;
				ENABLE_NS_ASSERTIONS = NO;
				GCC_C_LANGUAGE_STANDARD = gnu99;
				GCC_WARN_64_TO_32_BIT_CONVERSION = YES;
				GCC_WARN_ABOUT_RETURN_TYPE = YES_ERROR;
				GCC_WARN_UNDECLARED_SELECTOR = YES;
				GCC_WARN_UNINITIALIZED_AUTOS = YES;
				GCC_WARN_UNUSED_FUNCTION = YES;
				GCC_WARN_UNUSED_VARIABLE = YES;
				IPHONEOS_DEPLOYMENT_TARGET = 7.0;
				SDKROOT = iphoneos;
				VALIDATE_PRODUCT = YES;
			};
			name = Release;
		};
		F5FDD86E18D89DCA0092439A /* Debug */ = {
			isa = XCBuildConfiguration;
			buildSettings = {
				ASSETCATALOG_COMPILER_APPICON_NAME = AppIcon;
				ASSETCATALOG_COMPILER_LAUNCHIMAGE_NAME = LaunchImage;
				GCC_PRECOMPILE_PREFIX_HEADER = YES;
				GCC_PREFIX_HEADER = "Test/Test-Prefix.pch";
				INFOPLIST_FILE = "Test/Test-Info.plist";
				PRODUCT_NAME = "$(TARGET_NAME)";
				WRAPPER_EXTENSION = app;
			};
			name = Debug;
		};
		F5FDD86F18D89DCA0092439A /* Release */ = {
			isa = XCBuildConfiguration;
			buildSettings = {
				ASSETCATALOG_COMPILER_APPICON_NAME = AppIcon;
				ASSETCATALOG_COMPILER_LAUNCHIMAGE_NAME = LaunchImage;
				GCC_PRECOMPILE_PREFIX_HEADER = YES;
				GCC_PREFIX_HEADER = "Test/Test-Prefix.pch";
				INFOPLIST_FILE = "Test/Test-Info.plist";
				PRODUCT_NAME = "$(TARGET_NAME)";
				WRAPPER_EXTENSION = app;
			};
			name = Release;
		};
		F5FDD87118D89DCA0092439A /* Debug */ = {
			isa = XCBuildConfiguration;
			buildSettings = {
				ARCHS = "$(ARCHS_STANDARD_INCLUDING_64_BIT)";
				BUNDLE_LOADER = "$(BUILT_PRODUCTS_DIR)/Test.app/Test";
				FRAMEWORK_SEARCH_PATHS = (
					"$(SDKROOT)/Developer/Library/Frameworks",
					"$(inherited)",
					"$(DEVELOPER_FRAMEWORKS_DIR)",
				);
				GCC_PRECOMPILE_PREFIX_HEADER = YES;
				GCC_PREFIX_HEADER = "Test/Test-Prefix.pch";
				GCC_PREPROCESSOR_DEFINITIONS = (
					"DEBUG=1",
					"$(inherited)",
				);
				INFOPLIST_FILE = "TestTests/TestTests-Info.plist";
				PRODUCT_NAME = "$(TARGET_NAME)";
				TEST_HOST = "$(BUNDLE_LOADER)";
				WRAPPER_EXTENSION = xctest;
			};
			name = Debug;
		};
		F5FDD87218D89DCA0092439A /* Release */ = {
			isa = XCBuildConfiguration;
			buildSettings = {
				ARCHS = "$(ARCHS_STANDARD_INCLUDING_64_BIT)";
				BUNDLE_LOADER = "$(BUILT_PRODUCTS_DIR)/Test.app/Test";
				FRAMEWORK_SEARCH_PATHS = (
					"$(SDKROOT)/Developer/Library/Frameworks",
					"$(inherited)",
					"$(DEVELOPER_FRAMEWORKS_DIR)",
				);
				GCC_PRECOMPILE_PREFIX_HEADER = YES;
				GCC_PREFIX_HEADER = "Test/Test-Prefix.pch";
				INFOPLIST_FILE = "TestTests/TestTests-Info.plist";
				PRODUCT_NAME = "$(TARGET_NAME)";
				TEST_HOST = "$(BUNDLE_LOADER)";
				WRAPPER_EXTENSION = xctest;
			};
			name = Release;
		};
/* End XCBuildConfiguration section */

/* Begin XCConfigurationList section */
		F5FDD83318D89DCA0092439A /* Build configuration list for PBXProject "Test" */ = {
			isa = XCConfigurationList;
			buildConfigurations = (
				F5FDD86B18D89DCA0092439A /* Debug */,
				F5FDD86C18D89DCA0092439A /* Release */,
			);
			defaultConfigurationIsVisible = 0;
			defaultConfigurationName = Release;
		};
		F5FDD86D18D89DCA0092439A /* Build configuration list for PBXNativeTarget "Test" */ = {
			isa = XCConfigurationList;
			buildConfigurations = (
				F5FDD86E18D89DCA0092439A /* Debug */,
				F5FDD86F18D89DCA0092439A /* Release */,
			);
			defaultConfigurationIsVisible = 0;
		};
		F5FDD87018D89DCA0092439A /* Build configuration list for PBXNativeTarget "TestTests" */ = {
			isa = XCConfigurationList;
			buildConfigurations = (
				F5FDD87118D89DCA0092439A /* Debug */,
				F5FDD87218D89DCA0092439A /* Release */,
			);
			defaultConfigurationIsVisible = 0;
		};
/* End XCConfigurationList section */
	};
	rootObject = F5FDD83018D89DCA0092439A /* Project object */;
}
